version = 1
revision = 2
requires-python = ">=3.13"

[[package]]
name = "faker"
version = "37.3.0"
source = { registry = "https://pypi.org/simple" }
dependencies = [
    { name = "tzdata" },
]
sdist = { url = "https://files.pythonhosted.org/packages/97/4b/5354912eaff922876323f2d07e21408b10867f3295d5f917748341cb6f53/faker-37.3.0.tar.gz", hash = "sha256:77b79e7a2228d57175133af0bbcdd26dc623df81db390ee52f5104d46c010f2f", size = 1901376, upload-time = "2025-05-14T15:24:18.039Z" }
wheels = [
    { url = "https://files.pythonhosted.org/packages/ce/99/045b2dae19a01b9fbb23b9971bc04f4ef808e7f3a213d08c81067304a210/faker-37.3.0-py3-none-any.whl", hash = "sha256:48c94daa16a432f2d2bc803c7ff602509699fca228d13e97e379cd860a7e216e", size = 1942203, upload-time = "2025-05-14T15:24:16.159Z" },
]

[[package]]
name = "pymupdf"
version = "1.26.1"
source = { registry = "https://pypi.org/simple" }
sdist = { url = "https://files.pythonhosted.org/packages/bd/62/d29612ca33b7844e77d2c789fec359f4c44fd84bdd08ce673f6279d257e9/pymupdf-1.26.1.tar.gz", hash = "sha256:372c77c831f82090ce7a6e4de284ca7c5a78220f63038bb28c5d9b279cd7f4d9", size = 75912371, upload-time = "2025-06-11T22:18:30.932Z" }
wheels = [
    { url = "https://files.pythonhosted.org/packages/32/5a/3399a2caf51c91db650de57464465b830c2d4ea15b23d24a98182202b704/pymupdf-1.26.1-cp39-abi3-macosx_10_9_x86_64.whl", hash = "sha256:32296f12a7c7f36febd59cee77823a54490313bcaba9879b17def6518186f94e", size = 23054640, upload-time = "2025-06-11T22:14:07.439Z" },
    { url = "https://files.pythonhosted.org/packages/64/e0/cc3ec6a4d5ada8992b8610f134565ceb517243f12736b50d795cb3459315/pymupdf-1.26.1-cp39-abi3-macosx_11_0_arm64.whl", hash = "sha256:aad7949eca62aca40854510cdb125cf873b181726dc9497a90834200f31faa63", size = 22402766, upload-time = "2025-06-11T22:14:25.557Z" },
    { url = "https://files.pythonhosted.org/packages/82/9f/e7101bd24a0f5cbfa0310c8e5c3a8ec0dd9a86986812ff86ac2fbd273c92/pymupdf-1.26.1-cp39-abi3-manylinux_2_28_x86_64.whl", hash = "sha256:a65c411eb1cbb79e40c307e10fbad23658f19e9d7334ac4de21d24b58009a7b9", size = 24056183, upload-time = "2025-06-11T22:14:53.777Z" },
    { url = "https://files.pythonhosted.org/packages/99/39/23ac15cf0edc2877ef366dc7ae041ac199d212433c2c3113661d1a1d5ad0/pymupdf-1.26.1-cp39-abi3-musllinux_1_2_x86_64.whl", hash = "sha256:26cebdcc1b2b7a7445423599ce2e0000f2be0333cce0fa0e6846e5a7da46f965", size = 24258802, upload-time = "2025-06-11T22:15:20.499Z" },
    { url = "https://files.pythonhosted.org/packages/e1/8c/56bd5951128d5c5c0b64d2942090c2cd7bc44302bac991b941ac736e3d63/pymupdf-1.26.1-cp39-abi3-win32.whl", hash = "sha256:82ed9e106cf564fc959c0691c374ba68443086ba1a1c9f26128eebbc3e6df9e5", size = 16927933, upload-time = "2025-06-11T22:15:59.72Z" },
    { url = "https://files.pythonhosted.org/packages/a7/1b/0613759a059c8c952c18811c7c7dd0ba5d7945ed13a535719489f533d700/pymupdf-1.26.1-cp39-abi3-win_amd64.whl", hash = "sha256:8deae5168fce37d707f68d1981da6c0bb71f1f176d9835d5914ad46f779a036f", size = 18519587, upload-time = "2025-06-11T22:16:38.155Z" },
]

[[package]]
name = "pymysql"
version = "1.1.1"
source = { registry = "https://pypi.org/simple" }
sdist = { url = "https://files.pythonhosted.org/packages/b3/8f/ce59b5e5ed4ce8512f879ff1fa5ab699d211ae2495f1adaa5fbba2a1eada/pymysql-1.1.1.tar.gz", hash = "sha256:e127611aaf2b417403c60bf4dc570124aeb4a57f5f37b8e95ae399a42f904cd0", size = 47678, upload-time = "2024-05-21T11:03:43.722Z" }
wheels = [
    { url = "https://files.pythonhosted.org/packages/0c/94/e4181a1f6286f545507528c78016e00065ea913276888db2262507693ce5/PyMySQL-1.1.1-py3-none-any.whl", hash = "sha256:4de15da4c61dc132f4fb9ab763063e693d521a80fd0e87943b9a453dd4c19d6c", size = 44972, upload-time = "2024-05-21T11:03:41.216Z" },
]

[[package]]
name = "pyqt6"
version = "6.9.1"
source = { registry = "https://pypi.org/simple" }
dependencies = [
    { name = "pyqt6-qt6" },
    { name = "pyqt6-sip" },
]
sdist = { url = "https://files.pythonhosted.org/packages/32/1b/567f46eb43ca961efd38d7a0b73efb70d7342854f075fd919179fdb2a571/pyqt6-6.9.1.tar.gz", hash = "sha256:50642be03fb40f1c2111a09a1f5a0f79813e039c15e78267e6faaf8a96c1c3a6", size = 1067230, upload-time = "2025-06-06T08:49:30.307Z" }
wheels = [
    { url = "https://files.pythonhosted.org/packages/18/c4/fc2a69cf3df09b213185ef5a677c3940cd20e7855d29e40061a685b9c6ee/pyqt6-6.9.1-cp39-abi3-macosx_10_14_universal2.whl", hash = "sha256:33c23d28f6608747ecc8bfd04c8795f61631af9db4fb1e6c2a7523ec4cc916d9", size = 59770566, upload-time = "2025-06-06T08:48:20.331Z" },
    { url = "https://files.pythonhosted.org/packages/d5/78/92f3c46440a83ebe22ae614bd6792e7b052bcb58ff128f677f5662015184/pyqt6-6.9.1-cp39-abi3-manylinux_2_28_x86_64.whl", hash = "sha256:37884df27f774e2e1c0c96fa41e817a222329b80ffc6241725b0dc8c110acb35", size = 37804959, upload-time = "2025-06-06T08:48:39.587Z" },
    { url = "https://files.pythonhosted.org/packages/5a/5e/e77fa2761d809cd08d724f44af01a4b6ceb0ff9648e43173187b0e4fac4e/pyqt6-6.9.1-cp39-abi3-manylinux_2_39_aarch64.whl", hash = "sha256:055870b703c1a49ca621f8a89e2ec4d848e6c739d39367eb9687af3b056d9aa3", size = 40414608, upload-time = "2025-06-06T08:49:00.26Z" },
    { url = "https://files.pythonhosted.org/packages/c4/09/69cf80456b6a985e06dd24ed0c2d3451e43567bf2807a5f3a86ef7a74a2e/pyqt6-6.9.1-cp39-abi3-win_amd64.whl", hash = "sha256:15b95bd273bb6288b070ed7a9503d5ff377aa4882dd6d175f07cad28cdb21da0", size = 25717996, upload-time = "2025-06-06T08:49:13.208Z" },
    { url = "https://files.pythonhosted.org/packages/52/b3/0839d8fd18b86362a4de384740f2f6b6885b5d06fda7720f8a335425e316/pyqt6-6.9.1-cp39-abi3-win_arm64.whl", hash = "sha256:08792c72d130a02e3248a120f0b9bbb4bf4319095f92865bc5b365b00518f53d", size = 25212132, upload-time = "2025-06-06T08:49:27.41Z" },
]

[[package]]
name = "pyqt6-qt6"
version = "6.9.1"
source = { registry = "https://pypi.org/simple" }
wheels = [
    { url = "https://files.pythonhosted.org/packages/51/40/04f652e714f85ba6b0c24f4ead860f2c5769f9e64737f415524d792d5914/pyqt6_qt6-6.9.1-py3-none-macosx_10_14_x86_64.whl", hash = "sha256:3854c7f83ee4e8c2d91e23ab88b77f90e2ca7ace34fe72f634a446959f2b4d4a", size = 66236777, upload-time = "2025-06-03T14:53:17.684Z" },
    { url = "https://files.pythonhosted.org/packages/57/31/e4fa40568a59953ce5cf9a5adfbd1be4a806dafd94e39072d3cc0bed5468/pyqt6_qt6-6.9.1-py3-none-macosx_11_0_arm64.whl", hash = "sha256:123e4aeb037c099bb4696a3ea8edcb1d9d62cedd0b2b950556b26024c97f3293", size = 60551574, upload-time = "2025-06-03T14:53:48.42Z" },
    { url = "https://files.pythonhosted.org/packages/aa/8d/7c8073cbbefe9c103ec8add70f29ffee1db95a3755b429b9f47cd6afa41b/pyqt6_qt6-6.9.1-py3-none-manylinux_2_28_x86_64.whl", hash = "sha256:cc5bd193ebd2d1a3ec66e1eee65bf532d762c239459bce1ecebf56177243e89b", size = 82000130, upload-time = "2025-06-03T14:54:26.585Z" },
    { url = "https://files.pythonhosted.org/packages/1e/60/a4ab932028b0c15c0501cb52eb1e7f24f4ce2e4c78d46c7cce58a375a88c/pyqt6_qt6-6.9.1-py3-none-manylinux_2_39_aarch64.whl", hash = "sha256:b065af7243d1d450a49470a8185301196a18b1d41085d3ef476eb55bbb225083", size = 80463127, upload-time = "2025-06-03T14:55:03.272Z" },
    { url = "https://files.pythonhosted.org/packages/e7/85/552710819019a96d39d924071324a474aec54b31c410d7de8ebb398adcc1/pyqt6_qt6-6.9.1-py3-none-win_amd64.whl", hash = "sha256:f9e54c424bc921ecb76792a75d123e4ecfc26b00b0c57dae526f41f1d57951d3", size = 73778423, upload-time = "2025-06-03T14:55:39.756Z" },
    { url = "https://files.pythonhosted.org/packages/16/b4/70f6b18a4913f2326dcf7acb15c12cc0b91cb3932c2ba3b5728811f22acd/pyqt6_qt6-6.9.1-py3-none-win_arm64.whl", hash = "sha256:432caaedf5570bc8a9b7c75bc6af6a26bf88589536472eca73417ac019f59d41", size = 49617924, upload-time = "2025-06-03T14:57:13.038Z" },
]

[[package]]
name = "pyqt6-sip"
version = "13.10.2"
source = { registry = "https://pypi.org/simple" }
sdist = { url = "https://files.pythonhosted.org/packages/2f/4a/96daf6c2e4f689faae9bd8cebb52754e76522c58a6af9b5ec86a2e8ec8b4/pyqt6_sip-13.10.2.tar.gz", hash = "sha256:464ad156bf526500ce6bd05cac7a82280af6309974d816739b4a9a627156fafe", size = 92548, upload-time = "2025-05-23T12:26:49.901Z" }
wheels = [
    { url = "https://files.pythonhosted.org/packages/a1/1e/979ea64c98ca26979d8ce11e9a36579e17d22a71f51d7366d6eec3c82c13/pyqt6_sip-13.10.2-cp313-cp313-macosx_10_13_universal2.whl", hash = "sha256:8b5d06a0eac36038fa8734657d99b5fe92263ae7a0cd0a67be6acfe220a063e1", size = 112227, upload-time = "2025-05-23T12:26:38.758Z" },
    { url = "https://files.pythonhosted.org/packages/d9/21/84c230048e3bfef4a9209d16e56dcd2ae10590d03a31556ae8b5f1dcc724/pyqt6_sip-13.10.2-cp313-cp313-manylinux_2_17_aarch64.manylinux2014_aarch64.whl", hash = "sha256:ad376a6078da37b049fdf9d6637d71b52727e65c4496a80b753ddc8d27526aca", size = 322920, upload-time = "2025-05-23T12:26:39.856Z" },
    { url = "https://files.pythonhosted.org/packages/b0/1e/c6a28a142f14e735088534cc92951c3f48cccd77cdd4f3b10d7996be420f/pyqt6_sip-13.10.2-cp313-cp313-manylinux_2_5_x86_64.manylinux1_x86_64.whl", hash = "sha256:3dde8024d055f496eba7d44061c5a1ba4eb72fc95e5a9d7a0dbc908317e0888b", size = 303833, upload-time = "2025-05-23T12:26:41.075Z" },
    { url = "https://files.pythonhosted.org/packages/89/63/e5adf350c1c3123d4865c013f164c5265512fa79f09ad464fb2fdf9f9e61/pyqt6_sip-13.10.2-cp313-cp313-win_amd64.whl", hash = "sha256:0b097eb58b4df936c4a2a88a2f367c8bb5c20ff049a45a7917ad75d698e3b277", size = 53527, upload-time = "2025-05-23T12:26:42.625Z" },
    { url = "https://files.pythonhosted.org/packages/58/74/2df4195306d050fbf4963fb5636108a66e5afa6dc05fd9e81e51ec96c384/pyqt6_sip-13.10.2-cp313-cp313-win_arm64.whl", hash = "sha256:cc6a1dfdf324efaac6e7b890a608385205e652845c62130de919fd73a6326244", size = 45373, upload-time = "2025-05-23T12:26:43.536Z" },
]

[[package]]
name = "pyqt6-webengine"
version = "6.9.0"
source = { registry = "https://pypi.org/simple" }
dependencies = [
    { name = "pyqt6" },
    { name = "pyqt6-sip" },
    { name = "pyqt6-webengine-qt6" },
]
sdist = { url = "https://files.pythonhosted.org/packages/8f/1a/9971af004a7e859347702f816fb71ecd67c3e32b2f0ae8daf1c1ded99f62/pyqt6_webengine-6.9.0.tar.gz", hash = "sha256:6ae537e3bbda06b8e06535e4852297e0bc3b00543c47929541fcc9b11981aa25", size = 34616, upload-time = "2025-04-08T08:57:35.402Z" }
wheels = [
    { url = "https://files.pythonhosted.org/packages/c8/e1/964ee1c464a0e1f07f8be54ce9316dc76e431d1bc99c9e5c1437bf548d92/PyQt6_WebEngine-6.9.0-cp39-abi3-macosx_10_14_universal2.whl", hash = "sha256:3ea5bdd48d109f35bf726f59d85b250e430ddd50175fe79a386b7f14d3e34d2d", size = 438004, upload-time = "2025-04-08T08:57:29.475Z" },
    { url = "https://files.pythonhosted.org/packages/cc/9d/8674bb27e2497fdad7ae5bc000831b42dbfb546aacd11ae7a8cca4493190/PyQt6_WebEngine-6.9.0-cp39-abi3-manylinux_2_28_x86_64.whl", hash = "sha256:c15012245036604c82abcd865e0b808e75bcfd0b477454298b7a70d9e6c4958b", size = 299003, upload-time = "2025-04-08T08:57:31.334Z" },
    { url = "https://files.pythonhosted.org/packages/dc/9c/b6a1ce7026260d518a103c467a4795c719dd1e4d7f8dc00416d3ec292d3a/PyQt6_WebEngine-6.9.0-cp39-abi3-manylinux_2_39_aarch64.whl", hash = "sha256:e4404899290f86d4652a07471262a2f41397c64ecb091229b5bbbd8b82af35ce", size = 297424, upload-time = "2025-04-08T08:57:32.664Z" },
    { url = "https://files.pythonhosted.org/packages/0e/e8/444487c86472c522d6ab28686b9f3c4d6fe2febde81b40561d42c11b5cd7/PyQt6_WebEngine-6.9.0-cp39-abi3-win_amd64.whl", hash = "sha256:541cf838facadfc38243baaecfeeaf07c8eff030cf27341c85c245d00e571489", size = 237847, upload-time = "2025-04-08T08:57:34.174Z" },
]

[[package]]
name = "pyqt6-webengine-qt6"
version = "6.9.1"
source = { registry = "https://pypi.org/simple" }
wheels = [
    { url = "https://files.pythonhosted.org/packages/23/68/8eccda2a78d100a95db2131fac82b4ad842bdf0255019dcf86d5db0db3fa/pyqt6_webengine_qt6-6.9.1-py3-none-macosx_10_14_x86_64.whl", hash = "sha256:38a461e21df3e09829ce18cd0ecd052ecff0f9a4001ae000ea6ddac10fae6b0f", size = 120033076, upload-time = "2025-06-03T14:59:49.52Z" },
    { url = "https://files.pythonhosted.org/packages/d4/8a/a2cf83dd9cb8e944507e7b4070ac537a30d6caef7e498c87f1612507431d/pyqt6_webengine_qt6-6.9.1-py3-none-macosx_11_0_arm64.whl", hash = "sha256:9351ac6cccfdbf414a2514b58d49765d3f48fb3b690ceeaa8ca804340eb460b4", size = 108530410, upload-time = "2025-06-03T15:00:40.813Z" },
    { url = "https://files.pythonhosted.org/packages/fb/82/99b189e30641469dda6eb09a5f3cf0c5e12e2b39967e1df5d156f8499c4f/pyqt6_webengine_qt6-6.9.1-py3-none-manylinux_2_28_x86_64.whl", hash = "sha256:37f9d33e3f68681687a7d28b80058c6473813c6c2f9706a44dc7bc07486b9e9a", size = 110750602, upload-time = "2025-06-03T15:01:32.055Z" },
    { url = "https://files.pythonhosted.org/packages/68/fc/958c7f5e0f9cfe7903a90ed41b435b17de6ca7cf5d1f73e97ad07fe8107c/pyqt6_webengine_qt6-6.9.1-py3-none-manylinux_2_39_aarch64.whl", hash = "sha256:e8440e65b79df167b49bd3c26b8bf7179306df010e8c319a7ad6b8bc2a8ae8d4", size = 106652228, upload-time = "2025-06-03T15:02:18.985Z" },
    { url = "https://files.pythonhosted.org/packages/4c/82/4a3e2233ca3aa9c3ec77390e570fbcffcc511bc8513461daa1d38cda652a/pyqt6_webengine_qt6-6.9.1-py3-none-win_amd64.whl", hash = "sha256:c7f460226c054a52b7868d3befeed4fe2af03f4f80d2e53ab49fcb238bac2bc7", size = 110244976, upload-time = "2025-06-03T15:03:09.743Z" },
]

[[package]]
name = "python-dotenv"
version = "1.1.0"
source = { registry = "https://pypi.org/simple" }
sdist = { url = "https://files.pythonhosted.org/packages/88/2c/7bb1416c5620485aa793f2de31d3df393d3686aa8a8506d11e10e13c5baf/python_dotenv-1.1.0.tar.gz", hash = "sha256:41f90bc6f5f177fb41f53e87666db362025010eb28f60a01c9143bfa33a2b2d5", size = 39920, upload-time = "2025-03-25T10:14:56.835Z" }
wheels = [
    { url = "https://files.pythonhosted.org/packages/1e/18/98a99ad95133c6a6e2005fe89faedf294a748bd5dc803008059409ac9b1e/python_dotenv-1.1.0-py3-none-any.whl", hash = "sha256:d7c01d9e2293916c18baf562d95698754b0dbbb5e74d457c45d4f6561fb9d55d", size = 20256, upload-time = "2025-03-25T10:14:55.034Z" },
]

[[package]]
name = "tubes3-ingfoloker"
version = "0.1.0"
source = { virtual = "." }
dependencies = [
    { name = "faker" },
    { name = "pymupdf" },
    { name = "pymysql" },
    { name = "pyqt6" },
    { name = "pyqt6-webengine" },
    { name = "python-dotenv" },
]

[package.metadata]
requires-dist = [
    { name = "faker", specifier = ">=37.3.0" },
    { name = "pymupdf", specifier = ">=1.26.1" },
    { name = "pymysql", specifier = ">=1.1.1" },
    { name = "pyqt6", specifier = ">=6.9.1" },
    { name = "pyqt6-webengine", specifier = ">=6.9.0" },
    { name = "python-dotenv", specifier = ">=1.1.0" },
]

[[package]]
name = "tzdata"
version = "2025.2"
source = { registry = "https://pypi.org/simple" }
sdist = { url = "https://files.pythonhosted.org/packages/95/32/1a225d6164441be760d75c2c42e2780dc0873fe382da3e98a2e1e48361e5/tzdata-2025.2.tar.gz", hash = "sha256:b60a638fcc0daffadf82fe0f57e53d06bdec2f36c4df66280ae79bce6bd6f2b9", size = 196380, upload-time = "2025-03-23T13:54:43.652Z" }
wheels = [
    { url = "https://files.pythonhosted.org/packages/5c/23/c7abc0ca0a1526a0774eca151daeb8de62ec457e77262b66b359c3c7679e/tzdata-2025.2-py2.py3-none-any.whl", hash = "sha256:1a403fada01ff9221ca8044d701868fa132215d84beb92242d9acd2147f667a8", size = 347839, upload-time = "2025-03-23T13:54:41.845Z" },
]
